{
  "name": "html-compo",
  "version": "1.8.0",
  "lockfileVersion": 1,
  "requires": true,
  "dependencies": {
    "npm-auto-version": {
      "version": "1.0.0",
      "resolved": "https://registry.npmjs.org/npm-auto-version/-/npm-auto-version-1.0.0.tgz",
      "integrity": "sha1-b21s8b2JEL5U71DnOMCfgSWE3jI=",
      "requires": {
        "semver": "^5.0.3"
      }
    },
    "semver": {
      "version": "5.7.1",
      "resolved": "https://registry.npmjs.org/semver/-/semver-5.7.1.tgz",
      "integrity": "sha512-sauaDf/PZdVgrLTNYHRtpXa1iRiKcaebiKQ1BJdpQlWH2lCvexQdX55snPFyK7QzpudqbCI0qXFfOasHdyNDGQ=="
    }
  }
}
